# generated by rye
# use `rye lock` or `rye sync` to update this lockfile
#
# last locked with the following flags:
#   pre: false
#   features: []
#   all-features: false
#   with-sources: false

-e file:.
certifi==2024.2.2
    # via requests
cffi==1.16.0
    # via cryptography
charset-normalizer==3.3.2
    # via requests
coverage==7.4.4
cryptography==42.0.7
    # via secretstorage
docutils==0.21.2
    # via readme-renderer
future==1.0.0
    # via uncertainties
idna==3.7
    # via requests
importlib-metadata==7.1.0
    # via twine
iniconfig==2.0.0
    # via pytest
jaraco-classes==3.4.0
    # via keyring
jaraco-context==5.3.0
    # via keyring
jaraco-functools==4.0.1
    # via keyring
jeepney==0.8.0
    # via keyring
    # via secretstorage
keyring==25.2.0
    # via twine
markdown-it-py==3.0.0
    # via rich
mdurl==0.1.2
    # via markdown-it-py
more-itertools==10.2.0
    # via jaraco-classes
    # via jaraco-functools
nh3==0.2.17
    # via readme-renderer
packaging==24.0
    # via pytest
pkginfo==1.10.0
    # via twine
platformdirs==4.2.1
    # via quanstants
pluggy==1.4.0
    # via pytest
pycparser==2.22
    # via cffi
pygments==2.18.0
    # via readme-renderer
    # via rich
pytest==8.1.1
readme-renderer==43.0
    # via twine
requests==2.31.0
    # via requests-toolbelt
    # via twine
requests-toolbelt==1.0.0
    # via twine
rfc3986==2.0.0
    # via twine
rich==13.7.1
    # via twine
secretstorage==3.3.3
    # via keyring
sigfig==1.3.3
sortedcontainers==2.4.0
    # via sigfig
twine==5.0.0
uncertainties==3.1.7
urllib3==2.2.1
    # via requests
    # via twine
zipp==3.18.1
    # via importlib-metadata
